<?xml version="1.0" encoding="utf-8"?>
<Project ToolsVersion="4.0" xmlns="http://schemas.microsoft.com/developer/msbuild/2003">
  <ItemGroup>
    <Filter Include="Source Files">
      <UniqueIdentifier>{4FC737F1-C7A5-4376-A066-2A32D752A2FF}</UniqueIdentifier>
      <Extensions>cpp;c;cc;cxx;def;odl;idl;hpj;bat;asm;asmx</Extensions>
    </Filter>
    <Filter Include="Header Files">
      <UniqueIdentifier>{93995380-89BD-4b04-88EB-625FBE52EBFB}</UniqueIdentifier>
      <Extensions>h;hh;hpp;hxx;hm;inl;inc;xsd</Extensions>
    </Filter>
    <Filter Include="Resource Files">
      <UniqueIdentifier>{67DA6AB6-F800-4c08-8B7A-83BB121AAD01}</UniqueIdentifier>
      <Extensions>rc;ico;cur;bmp;dlg;rc2;rct;bin;rgs;gif;jpg;jpeg;jpe;resx;tiff;tif;png;wav</Extensions>
    </Filter>
  </ItemGroup>
  <ItemGroup>
    <ClCompile Include="Battle.cpp">
      <Filter>Source Files</Filter>
    </ClCompile>
    <ClCompile Include="Demo_Main.cpp">
      <Filter>Source Files</Filter>
    </ClCompile>
    <ClCompile Include="castle\Castle.cpp">
      <Filter>Source Files</Filter>
    </ClCompile>
    <ClCompile Include="castle\Tower.cpp">
      <Filter>Source Files</Filter>
    </ClCompile>
    <ClCompile Include="cmugraphicslib\auxil.cpp">
      <Filter>Source Files</Filter>
    </ClCompile>
    <ClCompile Include="cmugraphicslib\CMUgraphics.cpp">
      <Filter>Source Files</Filter>
    </ClCompile>
    <ClCompile Include="cmugraphicslib\colors.cpp">
      <Filter>Source Files</Filter>
    </ClCompile>
    <ClCompile Include="cmugraphicslib\image.cpp">
      <Filter>Source Files</Filter>
    </ClCompile>
    <ClCompile Include="cmugraphicslib\keyqueue.cpp">
      <Filter>Source Files</Filter>
    </ClCompile>
    <ClCompile Include="cmugraphicslib\mousequeue.cpp">
      <Filter>Source Files</Filter>
    </ClCompile>
    <ClCompile Include="cmugraphicslib\windowinput.cpp">
      <Filter>Source Files</Filter>
    </ClCompile>
    <ClCompile Include="cmugraphicslib\jpegload.c">
      <Filter>Source Files</Filter>
    </ClCompile>
    <ClCompile Include="cmugraphicslib\jpeg\jcomapi.c">
      <Filter>Source Files</Filter>
    </ClCompile>
    <ClCompile Include="cmugraphicslib\jpeg\jcparam.c">
      <Filter>Source Files</Filter>
    </ClCompile>
    <ClCompile Include="cmugraphicslib\jpeg\jdapimin.c">
      <Filter>Source Files</Filter>
    </ClCompile>
    <ClCompile Include="cmugraphicslib\jpeg\jdapistd.c">
      <Filter>Source Files</Filter>
    </ClCompile>
    <ClCompile Include="cmugraphicslib\jpeg\jdatasrc.c">
      <Filter>Source Files</Filter>
    </ClCompile>
    <ClCompile Include="cmugraphicslib\jpeg\jdcoefct.c">
      <Filter>Source Files</Filter>
    </ClCompile>
    <ClCompile Include="cmugraphicslib\jpeg\jdcolor.c">
      <Filter>Source Files</Filter>
    </ClCompile>
    <ClCompile Include="cmugraphicslib\jpeg\jddctmgr.c">
      <Filter>Source Files</Filter>
    </ClCompile>
    <ClCompile Include="cmugraphicslib\jpeg\jdhuff.c">
      <Filter>Source Files</Filter>
    </ClCompile>
    <ClCompile Include="cmugraphicslib\jpeg\jdinput.c">
      <Filter>Source Files</Filter>
    </ClCompile>
    <ClCompile Include="cmugraphicslib\jpeg\jdmainct.c">
      <Filter>Source Files</Filter>
    </ClCompile>
    <ClCompile Include="cmugraphicslib\jpeg\jdmarker.c">
      <Filter>Source Files</Filter>
    </ClCompile>
    <ClCompile Include="cmugraphicslib\jpeg\jdmaster.c">
      <Filter>Source Files</Filter>
    </ClCompile>
    <ClCompile Include="cmugraphicslib\jpeg\jdmerge.c">
      <Filter>Source Files</Filter>
    </ClCompile>
    <ClCompile Include="cmugraphicslib\jpeg\jdphuff.c">
      <Filter>Source Files</Filter>
    </ClCompile>
    <ClCompile Include="cmugraphicslib\jpeg\jdpostct.c">
      <Filter>Source Files</Filter>
    </ClCompile>
    <ClCompile Include="cmugraphicslib\jpeg\jdsample.c">
      <Filter>Source Files</Filter>
    </ClCompile>
    <ClCompile Include="cmugraphicslib\jpeg\jdtrans.c">
      <Filter>Source Files</Filter>
    </ClCompile>
    <ClCompile Include="cmugraphicslib\jpeg\jerror.c">
      <Filter>Source Files</Filter>
    </ClCompile>
    <ClCompile Include="cmugraphicslib\jpeg\jidctflt.c">
      <Filter>Source Files</Filter>
    </ClCompile>
    <ClCompile Include="cmugraphicslib\jpeg\jidctfst.c">
      <Filter>Source Files</Filter>
    </ClCompile>
    <ClCompile Include="cmugraphicslib\jpeg\jidctint.c">
      <Filter>Source Files</Filter>
    </ClCompile>
    <ClCompile Include="cmugraphicslib\jpeg\jidctred.c">
      <Filter>Source Files</Filter>
    </ClCompile>
    <ClCompile Include="cmugraphicslib\jpeg\jmemmgr.c">
      <Filter>Source Files</Filter>
    </ClCompile>
    <ClCompile Include="cmugraphicslib\jpeg\jmemnobs.c">
      <Filter>Source Files</Filter>
    </ClCompile>
    <ClCompile Include="cmugraphicslib\jpeg\jquant1.c">
      <Filter>Source Files</Filter>
    </ClCompile>
    <ClCompile Include="cmugraphicslib\jpeg\jquant2.c">
      <Filter>Source Files</Filter>
    </ClCompile>
    <ClCompile Include="cmugraphicslib\jpeg\jutils.c">
      <Filter>Source Files</Filter>
    </ClCompile>
    <ClCompile Include="enemies\Enemy.cpp">
      <Filter>Source Files</Filter>
    </ClCompile>
    <ClCompile Include="gui\GUI.cpp">
      <Filter>Source Files</Filter>
    </ClCompile>
  </ItemGroup>
  <ItemGroup>
    <ClInclude Include="Battle.h">
      <Filter>Header Files</Filter>
    </ClInclude>
    <ClInclude Include="Defs.h">
      <Filter>Header Files</Filter>
    </ClInclude>
    <ClInclude Include="castle\Castle.h">
      <Filter>Header Files</Filter>
    </ClInclude>
    <ClInclude Include="castle\Tower.h">
      <Filter>Header Files</Filter>
    </ClInclude>
    <ClInclude Include="cmugraphicslib\auxil.h">
      <Filter>Header Files</Filter>
    </ClInclude>
    <ClInclude Include="cmugraphicslib\CMUgraphics.h">
      <Filter>Header Files</Filter>
    </ClInclude>
    <ClInclude Include="cmugraphicslib\colors.h">
      <Filter>Header Files</Filter>
    </ClInclude>
    <ClInclude Include="cmugraphicslib\error.h">
      <Filter>Header Files</Filter>
    </ClInclude>
    <ClInclude Include="cmugraphicslib\image.h">
      <Filter>Header Files</Filter>
    </ClInclude>
    <ClInclude Include="cmugraphicslib\jpegload.h">
      <Filter>Header Files</Filter>
    </ClInclude>
    <ClInclude Include="cmugraphicslib\keyqueue.h">
      <Filter>Header Files</Filter>
    </ClInclude>
    <ClInclude Include="cmugraphicslib\mousequeue.h">
      <Filter>Header Files</Filter>
    </ClInclude>
    <ClInclude Include="cmugraphicslib\version.h">
      <Filter>Header Files</Filter>
    </ClInclude>
    <ClInclude Include="cmugraphicslib\windowinput.h">
      <Filter>Header Files</Filter>
    </ClInclude>
    <ClInclude Include="cmugraphicslib\jpeg\jconfig.h">
      <Filter>Header Files</Filter>
    </ClInclude>
    <ClInclude Include="cmugraphicslib\jpeg\jdct.h">
      <Filter>Header Files</Filter>
    </ClInclude>
    <ClInclude Include="cmugraphicslib\jpeg\jdhuff.h">
      <Filter>Header Files</Filter>
    </ClInclude>
    <ClInclude Include="cmugraphicslib\jpeg\jerror.h">
      <Filter>Header Files</Filter>
    </ClInclude>
    <ClInclude Include="cmugraphicslib\jpeg\jinclude.h">
      <Filter>Header Files</Filter>
    </ClInclude>
    <ClInclude Include="cmugraphicslib\jpeg\jmemsys.h">
      <Filter>Header Files</Filter>
    </ClInclude>
    <ClInclude Include="cmugraphicslib\jpeg\jmorecfg.h">
      <Filter>Header Files</Filter>
    </ClInclude>
    <ClInclude Include="cmugraphicslib\jpeg\jpegint.h">
      <Filter>Header Files</Filter>
    </ClInclude>
    <ClInclude Include="cmugraphicslib\jpeg\jpeglib.h">
      <Filter>Header Files</Filter>
    </ClInclude>
    <ClInclude Include="cmugraphicslib\jpeg\jversion.h">
      <Filter>Header Files</Filter>
    </ClInclude>
    <ClInclude Include="enemies\Enemy.h">
      <Filter>Header Files</Filter>
    </ClInclude>
    <ClInclude Include="gui\GUI.h">
      <Filter>Header Files</Filter>
    </ClInclude>
  </ItemGroup>
</Project>